{
  "version": 4,
  "terraform_version": "1.16.0",
  "serial": 53,
  "lineage": "535ad659-dff4-a07a-63bb-c364f2d73956",
  "outputs": {
    "github_actions_ci_role_arn": {
      "value": "arn:aws:iam::650032249451:role/zenpharma-dev-github-actions-role",
      "type": "string"
    },
    "oidc_provider_arn": {
      "value": "arn:aws:iam::650032249451:oidc-provider/token.actions.githubusercontent.com",
      "type": "string"
    },
    "s3_bucket_name": {
      "value": "zen-pharma-terraform-state-lackito",
      "type": "string"
    },
    "terraform_runner_role_arn": {
      "value": "arn:aws:iam::650032249451:role/zenpharma-terraform-role",
      "type": "string"
    }
  },
  "resources": [
    {
      "mode": "data",
      "type": "aws_iam_policy_document",
      "name": "github_actions_ci_assume_role",
      "provider": "provider[\"registry.terraform.io/hashicorp/aws\"]",
      "instances": [
        {
          "schema_version": 0,
          "attributes": {
            "id": "4127824034",
            "json": "{\n  \"Version\": \"2012-10-17\",\n  \"Statement\": [\n    {\n      \"Effect\": \"Allow\",\n      \"Action\": [\n        \"sts:TagSession\",\n        \"sts:AssumeRoleWithWebIdentity\"\n      ],\n      \"Principal\": {\n        \"Federated\": \"arn:aws:iam::650032249451:oidc-provider/token.actions.githubusercontent.com\"\n      },\n      \"Condition\": {\n        \"StringEquals\": {\n          \"token.actions.githubusercontent.com:aud\": \"sts.amazonaws.com\"\n        },\n        \"StringLike\": {\n          \"token.actions.githubusercontent.com:sub\": [\n            \"repo:lackito/frontend:ref:refs/heads/main\",\n            \"repo:lackito/frontend:ref:refs/heads/develop\",\n            \"repo:lackito/backend:ref:refs/heads/main\",\n            \"repo:lackito/backend:ref:refs/heads/develop\"\n          ]\n        }\n      }\n    }\n  ]\n}",
            "minified_json": "{\"Version\":\"2012-10-17\",\"Statement\":[{\"Effect\":\"Allow\",\"Action\":[\"sts:TagSession\",\"sts:AssumeRoleWithWebIdentity\"],\"Principal\":{\"Federated\":\"arn:aws:iam::650032249451:oidc-provider/token.actions.githubusercontent.com\"},\"Condition\":{\"StringEquals\":{\"token.actions.githubusercontent.com:aud\":\"sts.amazonaws.com\"},\"StringLike\":{\"token.actions.githubusercontent.com:sub\":[\"repo:lackito/frontend:ref:refs/heads/main\",\"repo:lackito/frontend:ref:refs/heads/develop\",\"repo:lackito/backend:ref:refs/heads/main\",\"repo:lackito/backend:ref:refs/heads/develop\"]}}}]}",
            "override_json": null,
            "override_policy_documents": null,
            "policy_id": null,
            "source_json": null,
            "source_policy_documents": null,
            "statement": [
              {
                "actions": [
                  "sts:AssumeRoleWithWebIdentity",
                  "sts:TagSession"
                ],
                "condition": [
                  {
                    "test": "StringEquals",
                    "values": [
                      "sts.amazonaws.com"
                    ],
                    "variable": "token.actions.githubusercontent.com:aud"
                  },
                  {
                    "test": "StringLike",
                    "values": [
                      "repo:lackito/frontend:ref:refs/heads/main",
                      "repo:lackito/frontend:ref:refs/heads/develop",
                      "repo:lackito/backend:ref:refs/heads/main",
                      "repo:lackito/backend:ref:refs/heads/develop"
                    ],
                    "variable": "token.actions.githubusercontent.com:sub"
                  }
                ],
                "effect": "Allow",
                "not_actions": [],
                "not_principals": [],
                "not_resources": [],
                "principals": [
                  {
                    "identifiers": [
                      "arn:aws:iam::650032249451:oidc-provider/token.actions.githubusercontent.com"
                    ],
                    "type": "Federated"
                  }
                ],
                "resources": [],
                "sid": ""
              }
            ],
            "version": "2012-10-17"
          },
          "sensitive_attributes": [],
          "identity_schema_version": 0
        }
      ]
    },
    {
      "mode": "data",
      "type": "tls_certificate",
      "name": "github",
      "provider": "provider[\"registry.terraform.io/hashicorp/tls\"]",
      "instances": [
        {
          "schema_version": 0,
          "attributes": {
            "certificates": [
              {
                "cert_pem": "-----BEGIN CERTIFICATE-----\nMIIF9DCCA9ygAwIBAgIRAPJLbRf52a18scn+p4eCaZ8wDQYJKoZIhvcNAQELBQAw\nTzELMAkGA1UEBhMCVVMxKTAnBgNVBAoTIEludGVybmV0IFNlY3VyaXR5IFJlc2Vh\ncmNoIEdyb3VwMRUwEwYDVQQDEwxJU1JHIFJvb3QgWDEwHhcNMjYwNTEzMDAwMDAw\nWhcNMzIwOTAyMjM1OTU5WjAuMQswCQYDVQQGEwJVUzENMAsGA1UEChMESVNSRzEQ\nMA4GA1UEAxMHUm9vdCBZUjCCAiIwDQYJKoZIhvcNAQEBBQADggIPADCCAgoCggIB\nANvGJnN78CTJdWL3+eGfsLN5TrNBJs+VH9hRXqRbwxu9sGNiB0BD1fcOxbSUQCJI\nM1xE13Db+5Cw1w0s0EBYsvuIP/6joF0w8cuImbgR1OGgYbSQ4OpzI+DG8SGuTlcE\n873OCS+kh3srlo6vl43M5OJg4Aeo1sfHp6kTJDoIiFBNJAY+OKfX/FUvYKuhjT+n\no49lmqmupSBI5PkBQiqrEGtWU5uxU/cQWHGu8jSjFBznZqvbNPLMXMLFxCb3WTfr\nJBXXjqvWG+v4bjzxjjeAtOlU7qarRDvNOyAuQYLln904M+faKx8hnLCpJ15ZqaEg\ncNlY+9MMWcC5yvL2A2j3l9+2buggZX+dOE91zYmIdawTvSZuVvlbRrAlLxIB6pwM\nBjneXCjYQ8+3BCCjssbSNpZU3hTcBDdhfAlEDlYr6pEatnMdmDT5BqnKC92bd0Eh\nM1fbLHioLccLCuievT8ZkPhZrq7Mii7gNXAcUEAR8+lzYal+9zTg7C5DALyVOeG/\nCqfRAMn1KSHCR0NSA6P8tn/mGRlnCct5rtVCLnVySVpU6H1qGg3DgTOuskf8eahT\nMiYbI5ezPJmO5ertalskQ1utp74+eDy92PI4ftHKTbq9IWhH4YZKh3WnJEIt+oQv\nlYZbY8tpEroKrFB6PFGzrJIDRyts4HqvuH52RFj2zv/BAgMBAAGjgeswgegwDgYD\nVR0PAQH/BAQDAgEGMBMGA1UdJQQMMAoGCCsGAQUFBwMBMA8GA1UdEwEB/wQFMAMB\nAf8wHQYDVR0OBBYEFN7nW2DQIm1AKH0/DQH+pLVStFGUMB8GA1UdIwQYMBaAFHm0\nWeZ7tuXkAXOACIjIGlj26ZtuMDIGCCsGAQUFBwEBBCYwJDAiBggrBgEFBQcwAoYW\naHR0cDovL3gxLmkubGVuY3Iub3JnLzATBgNVHSAEDDAKMAgGBmeBDAECATAnBgNV\nHR8EIDAeMBygGqAYhhZodHRwOi8veDEuYy5sZW5jci5vcmcvMA0GCSqGSIb3DQEB\nCwUAA4ICAQA8spSI95KKfn2W6GMmDpHBJSPaLbsS3W93cijJCRCYAc1fsJgL1FIL\n7C0C9ecPOdcwB2fi0Dk2p94j9iTJCxmt5CFSKLRWwnXT2MMSXexVxqoVB79BdWPx\nVXETkVme/qYSAuKVHh5Ps+5BixgmwS1JkjSAc+MfrUbNssVEEnH0aEiAh+rotXAV\nJSP/Ye7LJPEwD9DWG72vVWbhAcuOf5OLjz57Ctk7MgQHynZ7+PlHJtajroCaIbtC\nr6tcZZaAwUQm+jQyeWdV+2hv9deOYFmKeQyjjcSrN5Nadrw+L9DZJLbA1HqeNvLh\nBgqpP0fvJq2N6EtD574N6eMI7uMsJTnji2UDz9el5XLSv9fqJMuDQtYVb2oTNoKp\noUqhxPVC0aq4eG5MESaIdn8b5ZGSSeAJLMHXljEdlNza+ncfkviXk1POLnnFdvx8\n/gk6M374WbLWFXw8N141B/Rl/tINGfl1TxOIiqtiMYkL02RSGb1kq34BL9NPP27z\nRGMuHGnzS3hFIrRTfKxrzUZ9RzQWzEG3K6fJ3r2nqSltkeytis9DIBoFY9VmVyjL\nM71DMi+y1+TRSJVClEMwvA4yL++7q9XZx5r5wBRWB4kQTKH5qyoZnDw7iiuh1lID\nyDFx8r7i9vIJU5HS3moZLkYWAOilMaV9N56A9Bgb6dNcHkvg3NoaYA==\n-----END CERTIFICATE-----\n",
                "is_ca": true,
                "issuer": "CN=ISRG Root X1,O=Internet Security Research Group,C=US",
                "max_path_length": -1,
                "not_after": "2032-09-02T23:59:59Z",
                "not_before": "2026-05-13T00:00:00Z",
                "public_key_algorithm": "RSA",
                "serial_number": "322064809926559212792997219556942571935",
                "sha1_fingerprint": "ab9d0263244dd0326eb67015705a667e79cfe998",
                "signature_algorithm": "SHA256-RSA",
                "subject": "CN=Root YR,O=ISRG,C=US",
                "version": 3
              },
              {
                "cert_pem": "-----BEGIN CERTIFICATE-----\nMIIE2jCCAsKgAwIBAgIQTr0klH4k05SALYSlL9WzGTANBgkqhkiG9w0BAQsFADAu\nMQswCQYDVQQGEwJVUzENMAsGA1UEChMESVNSRzEQMA4GA1UEAxMHUm9vdCBZUjAe\nFw0yNTA5MDMwMDAwMDBaFw0yODA5MDIyMzU5NTlaMDMxCzAJBgNVBAYTAlVTMRYw\nFAYDVQQKEw1MZXQncyBFbmNyeXB0MQwwCgYDVQQDEwNZUjIwggEiMA0GCSqGSIb3\nDQEBAQUAA4IBDwAwggEKAoIBAQDZ0LxwBppqh84luqMerV/eeL/fXQ7mLQQv1Lnp\nWKZbyvGpx6wh6AfnslAnF6ewTkcHA+gSOoBvm3Dfm06AuGiF+KRut4fAcowqnAQQ\nCW98+QPP/eOv/wug7Iyk4NkOxf2I6g2f55T6nJoOTLFcukeRq80JGQEYan+dPFr9\nOGUgQK2hGKgNkW87pappsOAuUJcroYhRt5uUis4qaZireiseu32gzDJNBAiKtsvd\n6HX4v25bpkRNcS/B/Gtc9kVbUpD+2PLPxdei3Tim55k4tfAEXwD2qyiPTxrTNq6l\nN+AMr5g2c1dNqkOTwjxeV6L5lpP1rGiYvLnRaPlOqyZRPW+5AgMBAAGjge4wgesw\nDgYDVR0PAQH/BAQDAgGGMBMGA1UdJQQMMAoGCCsGAQUFBwMBMBIGA1UdEwEB/wQI\nMAYBAf8CAQAwHQYDVR0OBBYEFEAVLSZ57TIgnt+ach3WMh+BDIEMMB8GA1UdIwQY\nMBaAFN7nW2DQIm1AKH0/DQH+pLVStFGUMDIGCCsGAQUFBwEBBCYwJDAiBggrBgEF\nBQcwAoYWaHR0cDovL3lyLmkubGVuY3Iub3JnLzATBgNVHSAEDDAKMAgGBmeBDAEC\nATAnBgNVHR8EIDAeMBygGqAYhhZodHRwOi8veXIuYy5sZW5jci5vcmcvMA0GCSqG\nSIb3DQEBCwUAA4ICAQB0ZUQWZ9/Yn9COEpo+JfecMnB0h0vwDm/M66IqXqw3LoaL\nmx9lZvRTeDIS67PUeI3yCA2W6PKRD0/FE/G57lOmS+Xy5AaaL00ICGOqjNcCaMWW\n8o8nevHOd4i4lqgtznE/28QwlcdJyF8yBiWHpnyjhEpmNWJURgOCOg2xpwRMBCsj\nMScqYPtOhBeuYQvSwAEeTML2Ukh6uGuX4E14q65Ja8cdjF5bAldnP1eE4FBaAwsZ\nG2fOqqrKV03Y85Nw2btedP1AtliQuJZs/Jo/gXxXdc7LrH3McgnpnbTiAncX7yES\nhP6kzQejllqMCIt52HOjxDGWafS7Xw+DKwqmH+Eqy8dcbOuag/1AYlQoKNVK3F5q\nHh6tEDiMqQcLIibGKteE6iHo4A/bIScbzrhXUYuism42ZYzmc48FMVIH3qy4L84E\nTdAH2gtxw0PAhvRVXp8HP7wfngpzsN/8xOTpeRSbM4+Qbc56G6+Bifmv6sk1ieQb\nNA3wJdl4DDUuQSV8hBgx6zoI1ZSGORprDFux7c6rhc77QZMSRrEgomBeklervEve\n86ylWmZ3WWHV6RLMi8xNvjd71r4EPIGgY7BZU/VPBkq+uA7Gb6mbJnFgV43uh3xy\nLRFgxIAphIukwTGSMZZR+AI+Qnp0BYTWovHXozOf3H8r6hozEoT02JHn0AeTfA==\n-----END CERTIFICATE-----\n",
                "is_ca": true,
                "issuer": "CN=Root YR,O=ISRG,C=US",
                "max_path_length": 0,
                "not_after": "2028-09-02T23:59:59Z",
                "not_before": "2025-09-03T00:00:00Z",
                "public_key_algorithm": "RSA",
                "serial_number": "104661869709039935805224238423219745561",
                "sha1_fingerprint": "2d74d6dfd96eea55ad7baafa0d3c6552b2dadc37",
                "signature_algorithm": "SHA256-RSA",
                "subject": "CN=YR2,O=Let's Encrypt,C=US",
                "version": 3
              },
              {
                "cert_pem": "-----BEGIN CERTIFICATE-----\nMIIGNTCCBR2gAwIBAgISBQxrm2P0V6boQ+CIerBE2c8fMA0GCSqGSIb3DQEBCwUA\nMDMxCzAJBgNVBAYTAlVTMRYwFAYDVQQKEw1MZXQncyBFbmNyeXB0MQwwCgYDVQQD\nEwNZUjIwHhcNMjYwNzEwMjMzMjE2WhcNMjYxMDA4MjMzMjE1WjAqMSgwJgYDVQQD\nDB8qLmFjdGlvbnMuZ2l0aHVidXNlcmNvbnRlbnQuY29tMIICIjANBgkqhkiG9w0B\nAQEFAAOCAg8AMIICCgKCAgEAqcIRoijeGQKj3+dX+n+mi0gf8IZH48WhDp/a80c9\nzQrVUl4xh47tRZrmQ0thUbQ4/btHKW703g4st5JYD3lxSXEAre0HyU+2sLgLPEdL\nuOG9OL+i4vb988u+73F9ycg+Kq+ChMyTnoVB1z+s5aJb8j+wVWvEDeuJ9GsqVmdB\n+5JNkaaYpd7m2Fb8lxjTvTVHjhbTTuCFfjAviGleeVINsjroFv4cRESgsVQjfmIz\nvz9w5rDaqwpBKGeqGxzST8rfWer+b9pJhsHsNJfmf6lF9Jb/4bnL4taa1ve1Osw8\nh6TzIuq3R9e3ZwUax7KwDSTbOwtG6bgR5om/0/VtKUoF/KFuOi4yVlJ4jMxZU5+J\nBaUrmSMTDWDknIk6vi3gI3MnMGAC8NI1j5W56PnAlszD5YTez34a9BtYtE4W11jd\nepBndSWMqrMsyEgkBZtBLE6+hV1q80531M7d3/59EARW/AVp1OWpjb/yaCbpGZCV\n84dSH9XhMDs5v8XvVwtCjWBB4ajjNqnnpQioK1+YUOZIRsCKYioXlD8IeUgf9vXD\n7nTDViOQ4rbQnUSOudild/L6NmcrpXFNCwVcP08DFRKnUAeM2RY3+QaAet6moJt7\nMoi/wDORKftw6h2iR8WyObTS+xK1i1rcXa6Q5St41zl4rR+sk+crD4ZpGbyuR/fX\nN5kCAwEAAaOCAkowggJGMA4GA1UdDwEB/wQEAwIFoDATBgNVHSUEDDAKBggrBgEF\nBQcDATAMBgNVHRMBAf8EAjAAMB0GA1UdDgQWBBTg/AX2/DOAoa2KNsvxYEsvpJFq\nwjAfBgNVHSMEGDAWgBRAFS0mee0yIJ7fmnId1jIfgQyBDDAzBggrBgEFBQcBAQQn\nMCUwIwYIKwYBBQUHMAKGF2h0dHA6Ly95cjIuaS5sZW5jci5vcmcvMEkGA1UdEQRC\nMECCHyouYWN0aW9ucy5naXRodWJ1c2VyY29udGVudC5jb22CHWFjdGlvbnMuZ2l0\naHVidXNlcmNvbnRlbnQuY29tMBMGA1UdIAQMMAowCAYGZ4EMAQIBMC4GA1UdHwQn\nMCUwI6AhoB+GHWh0dHA6Ly95cjIuYy5sZW5jci5vcmcvMzIuY3JsMIIBCgYKKwYB\nBAHWeQIEAgSB+wSB+AD2AHUAlE5Dh/rswe+B8xkkJqgYZQHH0184AgE/cmd9VTcu\nGdgAAAGfTpV6cQAABAMARjBEAiBS22Z2IO1oT8L4v8D+d0YN/dsVHdzqQCM4vn2L\nG798MQIgejZKuz1ivuPzTTyXIyaVu6AKx5ixY53fTLK5LCdWNY0AfQCoJsvjCsY1\nEkZTP+Bl8U8Z2W4ZCBPEHdlteQCzEjxVJwAAAZ9OlXv4AAgAAAUAE3nukAQDAEYw\nRAIgYbrQvABCr7mN/VuNoT8QOwZtc3Gq6wsukU7RJiJ7GwECIE0a7+8T2TRDdIcn\nsoEXe9w8qgrXKqfygmSW//sG9G5lMA0GCSqGSIb3DQEBCwUAA4IBAQABsubA+7cv\n4WTCg6Jq4qJ8RKN4603ea9NdawmPWmCE5GwwXCewjJp5uGGMGGkV/ikrfjl4/jZu\nDfYcsk4UICH3HHiE8VRuSwNvsMPMoxMbfNwh4Mq76mxXun1hX713ThtPCu8PPAJA\nPwpQiJetMdl3RgAOAZJVnVmfkt+lGq4Bkh6HeEIMCmnws1Pg04kztE0HN5eUEowy\n6gCjJC1701Av0KEbXpsJwYU1fZXUj9/OYP0MRVZyHnP3gBhwJP0spb97TFLAhSlI\nInGg4TAiD8G19F54oDD/PIhLc2iLJtLLHZyCApt62egtwc/wjZHXE6guV4rvYCCR\nUPHKMiSTuaXS\n-----END CERTIFICATE-----\n",
                "is_ca": false,
                "issuer": "CN=YR2,O=Let's Encrypt,C=US",
                "max_path_length": -1,
                "not_after": "2026-10-08T23:32:15Z",
                "not_before": "2026-07-10T23:32:16Z",
                "public_key_algorithm": "RSA",
                "serial_number": "439787852290731903080740640972505259560735",
                "sha1_fingerprint": "227203b5317f3818cab5b5ce596132bf36748c0e",
                "signature_algorithm": "SHA256-RSA",
                "subject": "CN=*.actions.githubusercontent.com",
                "version": 3
              }
            ],
            "content": null,
            "id": "f14a3ee4f847b00a69e565d9b60917218c94d428",
            "url": "https://token.actions.githubusercontent.com",
            "verify_chain": true
          },
          "sensitive_attributes": [],
          "identity_schema_version": 0
        }
      ]
    },
    {
      "mode": "managed",
      "type": "aws_iam_openid_connect_provider",
      "name": "github",
      "provider": "provider[\"registry.terraform.io/hashicorp/aws\"]",
      "instances": [
        {
          "schema_version": 0,
          "attributes": {
            "arn": "arn:aws:iam::650032249451:oidc-provider/token.actions.githubusercontent.com",
            "client_id_list": [
              "sts.amazonaws.com"
            ],
            "id": "arn:aws:iam::650032249451:oidc-provider/token.actions.githubusercontent.com",
            "tags": null,
            "tags_all": {},
            "thumbprint_list": [
              "ab9d0263244dd0326eb67015705a667e79cfe998"
            ],
            "url": "token.actions.githubusercontent.com"
          },
          "sensitive_attributes": [],
          "identity_schema_version": 0,
          "identity": {
            "arn": "arn:aws:iam::650032249451:oidc-provider/token.actions.githubusercontent.com"
          },
          "private": "bnVsbA==",
          "dependencies": [
            "data.tls_certificate.github"
          ]
        }
      ]
    },
    {
      "mode": "managed",
      "type": "aws_iam_policy",
      "name": "github_actions_ci_policy",
      "provider": "provider[\"registry.terraform.io/hashicorp/aws\"]",
      "instances": [
        {
          "schema_version": 0,
          "attributes": {
            "arn": "arn:aws:iam::650032249451:policy/zenpharma-dev-github-actions-policy",
            "attachment_count": 0,
            "delay_after_policy_creation_in_ms": null,
            "description": "Allow GitHub Actions CI to push images to ECR and read EKS cluster info",
            "id": "arn:aws:iam::650032249451:policy/zenpharma-dev-github-actions-policy",
            "name": "zenpharma-dev-github-actions-policy",
            "name_prefix": "",
            "path": "/",
            "policy": "{\"Statement\":[{\"Action\":[\"ecr:GetAuthorizationToken\"],\"Effect\":\"Allow\",\"Resource\":\"*\",\"Sid\":\"ECRAuth\"},{\"Action\":[\"ecr:BatchCheckLayerAvailability\",\"ecr:GetDownloadUrlForLayer\",\"ecr:BatchGetImage\",\"ecr:PutImage\",\"ecr:InitiateLayerUpload\",\"ecr:UploadLayerPart\",\"ecr:CompleteLayerUpload\",\"ecr:DescribeRepositories\",\"ecr:ListImages\",\"ecr:DescribeImages\"],\"Effect\":\"Allow\",\"Resource\":\"arn:aws:ecr:*:650032249451:repository/*\",\"Sid\":\"ECRPush\"},{\"Action\":[\"eks:DescribeCluster\",\"eks:ListClusters\"],\"Effect\":\"Allow\",\"Resource\":\"*\",\"Sid\":\"EKSRead\"}],\"Version\":\"2012-10-17\"}",
            "policy_id": "ANPAZOWHQ7JV3PDX4QKVO",
            "tags": null,
            "tags_all": {}
          },
          "sensitive_attributes": [],
          "identity_schema_version": 0,
          "identity": {
            "arn": "arn:aws:iam::650032249451:policy/zenpharma-dev-github-actions-policy"
          },
          "private": "bnVsbA=="
        }
      ]
    },
    {
      "mode": "managed",
      "type": "aws_iam_role",
      "name": "github_actions_ci",
      "provider": "provider[\"registry.terraform.io/hashicorp/aws\"]",
      "instances": [
        {
          "schema_version": 0,
          "attributes": {
            "arn": "arn:aws:iam::650032249451:role/zenpharma-dev-github-actions-role",
            "assume_role_policy": "{\"Statement\":[{\"Action\":[\"sts:TagSession\",\"sts:AssumeRoleWithWebIdentity\"],\"Condition\":{\"StringEquals\":{\"token.actions.githubusercontent.com:aud\":\"sts.amazonaws.com\"},\"StringLike\":{\"token.actions.githubusercontent.com:sub\":[\"repo:lackito/frontend:ref:refs/heads/main\",\"repo:lackito/frontend:ref:refs/heads/develop\",\"repo:lackito/backend:ref:refs/heads/main\",\"repo:lackito/backend:ref:refs/heads/develop\"]}},\"Effect\":\"Allow\",\"Principal\":{\"Federated\":\"arn:aws:iam::650032249451:oidc-provider/token.actions.githubusercontent.com\"}}],\"Version\":\"2012-10-17\"}",
            "create_date": "2026-09-02T16:22:43Z",
            "description": "",
            "force_detach_policies": false,
            "id": "zenpharma-dev-github-actions-role",
            "inline_policy": [],
            "managed_policy_arns": [],
            "max_session_duration": 3600,
            "name": "zenpharma-dev-github-actions-role",
            "name_prefix": "",
            "path": "/",
            "permissions_boundary": "",
            "tags": {
              "Environment": "bootstrap",
              "ManagedBy": "Terraform",
              "Name": "zenpharma-dev-github-actions-role"
            },
            "tags_all": {
              "Environment": "bootstrap",
              "ManagedBy": "Terraform",
              "Name": "zenpharma-dev-github-actions-role"
            },
            "unique_id": "AROAZOWHQ7JV2XVIQTFO5"
          },
          "sensitive_attributes": [],
          "identity_schema_version": 0,
          "identity": {
            "account_id": "650032249451",
            "name": "zenpharma-dev-github-actions-role"
          },
          "private": "bnVsbA==",
          "dependencies": [
            "aws_iam_openid_connect_provider.github",
            "data.aws_iam_policy_document.github_actions_ci_assume_role",
            "data.tls_certificate.github"
          ]
        }
      ]
    },
    {
      "mode": "managed",
      "type": "aws_iam_role",
      "name": "terraform_runner",
      "provider": "provider[\"registry.terraform.io/hashicorp/aws\"]",
      "instances": [
        {
          "schema_version": 0,
          "attributes": {
            "arn": "arn:aws:iam::650032249451:role/zenpharma-terraform-role",
            "assume_role_policy": "{\"Statement\":[{\"Action\":[\"sts:AssumeRoleWithWebIdentity\",\"sts:TagSession\"],\"Condition\":{\"StringEquals\":{\"token.actions.githubusercontent.com:aud\":\"sts.amazonaws.com\"},\"StringLike\":{\"token.actions.githubusercontent.com:sub\":\"repo:lackito*/infra*:*\"}},\"Effect\":\"Allow\",\"Principal\":{\"Federated\":\"arn:aws:iam::650032249451:oidc-provider/token.actions.githubusercontent.com\"}}],\"Version\":\"2012-10-17\"}",
            "create_date": "2026-09-02T16:22:43Z",
            "description": "",
            "force_detach_policies": false,
            "id": "zenpharma-terraform-role",
            "inline_policy": [],
            "managed_policy_arns": [],
            "max_session_duration": 3600,
            "name": "zenpharma-terraform-role",
            "name_prefix": "",
            "path": "/",
            "permissions_boundary": "",
            "tags": {
              "Environment": "bootstrap",
              "ManagedBy": "Terraform",
              "Name": "zenpharma-terraform-role"
            },
            "tags_all": {
              "Environment": "bootstrap",
              "ManagedBy": "Terraform",
              "Name": "zenpharma-terraform-role"
            },
            "unique_id": "AROAZOWHQ7JVZ5TBCF6L6"
          },
          "sensitive_attributes": [],
          "identity_schema_version": 0,
          "identity": {
            "account_id": "650032249451",
            "name": "zenpharma-terraform-role"
          },
          "private": "bnVsbA==",
          "dependencies": [
            "aws_iam_openid_connect_provider.github",
            "data.tls_certificate.github"
          ]
        }
      ]
    },
    {
      "mode": "managed",
      "type": "aws_iam_role_policy_attachment",
      "name": "github_actions_ci_policy_attachment",
      "provider": "provider[\"registry.terraform.io/hashicorp/aws\"]",
      "instances": [
        {
          "schema_version": 0,
          "attributes": {
            "id": "zenpharma-dev-github-actions-role/arn:aws:iam::650032249451:policy/zenpharma-dev-github-actions-policy",
            "policy_arn": "arn:aws:iam::650032249451:policy/zenpharma-dev-github-actions-policy",
            "role": "zenpharma-dev-github-actions-role"
          },
          "sensitive_attributes": [],
          "identity_schema_version": 0,
          "identity": {
            "account_id": "650032249451",
            "policy_arn": "arn:aws:iam::650032249451:policy/zenpharma-dev-github-actions-policy",
            "role": "zenpharma-dev-github-actions-role"
          },
          "private": "bnVsbA==",
          "dependencies": [
            "aws_iam_openid_connect_provider.github",
            "aws_iam_policy.github_actions_ci_policy",
            "aws_iam_role.github_actions_ci",
            "data.aws_iam_policy_document.github_actions_ci_assume_role",
            "data.tls_certificate.github"
          ]
        }
      ]
    },
    {
      "mode": "managed",
      "type": "aws_iam_role_policy_attachment",
      "name": "terraform_admin",
      "provider": "provider[\"registry.terraform.io/hashicorp/aws\"]",
      "instances": [
        {
          "schema_version": 0,
          "attributes": {
            "id": "zenpharma-terraform-role/arn:aws:iam::aws:policy/AdministratorAccess",
            "policy_arn": "arn:aws:iam::aws:policy/AdministratorAccess",
            "role": "zenpharma-terraform-role"
          },
          "sensitive_attributes": [],
          "identity_schema_version": 0,
          "identity": {
            "account_id": "650032249451",
            "policy_arn": "arn:aws:iam::aws:policy/AdministratorAccess",
            "role": "zenpharma-terraform-role"
          },
          "private": "bnVsbA==",
          "dependencies": [
            "aws_iam_openid_connect_provider.github",
            "aws_iam_role.terraform_runner",
            "data.tls_certificate.github"
          ]
        }
      ]
    },
    {
      "mode": "managed",
      "type": "aws_s3_bucket",
      "name": "terraform_state",
      "provider": "provider[\"registry.terraform.io/hashicorp/aws\"]",
      "instances": [
        {
          "schema_version": 0,
          "attributes": {
            "acceleration_status": "",
            "acl": null,
            "arn": "arn:aws:s3:::zen-pharma-terraform-state-lackito",
            "bucket": "zen-pharma-terraform-state-lackito",
            "bucket_domain_name": "zen-pharma-terraform-state-lackito.s3.amazonaws.com",
            "bucket_namespace": "global",
            "bucket_prefix": "",
            "bucket_region": "us-east-1",
            "bucket_regional_domain_name": "zen-pharma-terraform-state-lackito.s3.us-east-1.amazonaws.com",
            "cors_rule": [],
            "force_destroy": false,
            "grant": [
              {
                "id": "becea49a9c124b5ea2ed047ca969a3f1576777274f5a4fcf948668e6addabfcf",
                "permissions": [
                  "FULL_CONTROL"
                ],
                "type": "CanonicalUser",
                "uri": ""
              }
            ],
            "hosted_zone_id": "Z3AQBSTGFYJSTF",
            "id": "zen-pharma-terraform-state-lackito",
            "lifecycle_rule": [],
            "logging": [],
            "object_lock_configuration": [],
            "object_lock_enabled": false,
            "policy": "",
            "region": "us-east-1",
            "replication_configuration": [],
            "request_payer": "BucketOwner",
            "server_side_encryption_configuration": [
              {
                "rule": [
                  {
                    "apply_server_side_encryption_by_default": [
                      {
                        "kms_master_key_id": "",
                        "sse_algorithm": "AES256"
                      }
                    ],
                    "bucket_key_enabled": false
                  }
                ]
              }
            ],
            "tags": null,
            "tags_all": {},
            "timeouts": null,
            "versioning": [
              {
                "enabled": false,
                "mfa_delete": false
              }
            ],
            "website": [],
            "website_domain": null,
            "website_endpoint": null
          },
          "sensitive_attributes": [],
          "identity_schema_version": 0,
          "identity": {
            "account_id": "650032249451",
            "bucket": "zen-pharma-terraform-state-lackito",
            "region": "us-east-1"
          },
          "private": "eyJlMmJmYjczMC1lY2FhLTExZTYtOGY4OC0zNDM2M2JjN2M0YzAiOnsiY3JlYXRlIjoxMjAwMDAwMDAwMDAwLCJkZWxldGUiOjM2MDAwMDAwMDAwMDAsInJlYWQiOjEyMDAwMDAwMDAwMDAsInVwZGF0ZSI6MTIwMDAwMDAwMDAwMH19"
        }
      ]
    },
    {
      "mode": "managed",
      "type": "aws_s3_bucket_lifecycle_configuration",
      "name": "terraform_state",
      "provider": "provider[\"registry.terraform.io/hashicorp/aws\"]",
      "instances": [
        {
          "schema_version": 1,
          "attributes": {
            "bucket": "zen-pharma-terraform-state-lackito",
            "expected_bucket_owner": "",
            "id": "zen-pharma-terraform-state-lackito",
            "region": "us-east-1",
            "rule": [
              {
                "abort_incomplete_multipart_upload": [],
                "expiration": [],
                "filter": [],
                "id": "cleanup-old-versions",
                "noncurrent_version_expiration": [
                  {
                    "newer_noncurrent_versions": null,
                    "noncurrent_days": 90
                  }
                ],
                "noncurrent_version_transition": [],
                "prefix": "",
                "status": "Enabled",
                "transition": []
              }
            ],
            "timeouts": null,
            "transition_default_minimum_object_size": "all_storage_classes_128K"
          },
          "sensitive_attributes": [],
          "identity_schema_version": 0,
          "identity": {
            "account_id": "650032249451",
            "bucket": "zen-pharma-terraform-state-lackito",
            "region": "us-east-1"
          },
          "dependencies": [
            "aws_s3_bucket.terraform_state"
          ]
        }
      ]
    },
    {
      "mode": "managed",
      "type": "aws_s3_bucket_ownership_controls",
      "name": "terraform_state",
      "provider": "provider[\"registry.terraform.io/hashicorp/aws\"]",
      "instances": [
        {
          "schema_version": 0,
          "attributes": {
            "bucket": "zen-pharma-terraform-state-lackito",
            "id": "zen-pharma-terraform-state-lackito",
            "region": "us-east-1",
            "rule": [
              {
                "object_ownership": "BucketOwnerEnforced"
              }
            ]
          },
          "sensitive_attributes": [],
          "identity_schema_version": 0,
          "identity": {
            "account_id": "650032249451",
            "bucket": "zen-pharma-terraform-state-lackito",
            "region": "us-east-1"
          },
          "private": "bnVsbA==",
          "dependencies": [
            "aws_s3_bucket.terraform_state"
          ]
        }
      ]
    },
    {
      "mode": "managed",
      "type": "aws_s3_bucket_public_access_block",
      "name": "terraform_state",
      "provider": "provider[\"registry.terraform.io/hashicorp/aws\"]",
      "instances": [
        {
          "schema_version": 0,
          "attributes": {
            "block_public_acls": true,
            "block_public_policy": true,
            "bucket": "zen-pharma-terraform-state-lackito",
            "id": "zen-pharma-terraform-state-lackito",
            "ignore_public_acls": true,
            "region": "us-east-1",
            "restrict_public_buckets": true,
            "skip_destroy": null
          },
          "sensitive_attributes": [],
          "identity_schema_version": 0,
          "identity": {
            "account_id": "650032249451",
            "bucket": "zen-pharma-terraform-state-lackito",
            "region": "us-east-1"
          },
          "private": "bnVsbA==",
          "dependencies": [
            "aws_s3_bucket.terraform_state"
          ]
        }
      ]
    },
    {
      "mode": "managed",
      "type": "aws_s3_bucket_server_side_encryption_configuration",
      "name": "terraform_state",
      "provider": "provider[\"registry.terraform.io/hashicorp/aws\"]",
      "instances": [
        {
          "schema_version": 0,
          "attributes": {
            "bucket": "zen-pharma-terraform-state-lackito",
            "expected_bucket_owner": "",
            "id": "zen-pharma-terraform-state-lackito",
            "region": "us-east-1",
            "rule": [
              {
                "apply_server_side_encryption_by_default": [
                  {
                    "kms_master_key_id": "",
                    "sse_algorithm": "AES256"
                  }
                ],
                "blocked_encryption_types": [
                  "SSE-C"
                ],
                "bucket_key_enabled": true
              }
            ]
          },
          "sensitive_attributes": [],
          "identity_schema_version": 1,
          "identity": {
            "account_id": "650032249451",
            "bucket": "zen-pharma-terraform-state-lackito",
            "region": "us-east-1"
          },
          "private": "bnVsbA==",
          "dependencies": [
            "aws_s3_bucket.terraform_state"
          ]
        }
      ]
    },
    {
      "mode": "managed",
      "type": "aws_s3_bucket_versioning",
      "name": "terraform_state",
      "provider": "provider[\"registry.terraform.io/hashicorp/aws\"]",
      "instances": [
        {
          "schema_version": 0,
          "attributes": {
            "bucket": "zen-pharma-terraform-state-lackito",
            "expected_bucket_owner": "",
            "id": "zen-pharma-terraform-state-lackito",
            "mfa": null,
            "region": "us-east-1",
            "versioning_configuration": [
              {
                "mfa_delete": "Disabled",
                "status": "Enabled"
              }
            ]
          },
          "sensitive_attributes": [],
          "identity_schema_version": 1,
          "identity": {
            "account_id": "650032249451",
            "bucket": "zen-pharma-terraform-state-lackito",
            "region": "us-east-1"
          },
          "private": "bnVsbA==",
          "dependencies": [
            "aws_s3_bucket.terraform_state"
          ]
        }
      ]
    }
  ],
  "check_results": null
}
